// !$*UTF8*$!
{
	archiveVersion = 1;
	classes = {
	};
	objectVersion = 56;
	objects = {

/* Begin PBXBuildFile section */
		63C35FE329B674F90012A6D1 /* Apple_FrameworksApp.swift in Sources */ = {isa = PBXBuildFile; fileRef = 63C35FE229B674F90012A6D1 /* Apple_FrameworksApp.swift */; };
		63C35FE529B674F90012A6D1 /* FrameworkGridView.swift in Sources */ = {isa = PBXBuildFile; fileRef = 63C35FE429B674F90012A6D1 /* FrameworkGridView.swift */; };
		63C35FE729B674FA0012A6D1 /* Assets.xcassets in Resources */ = {isa = PBXBuildFile; fileRef = 63C35FE629B674FA0012A6D1 /* Assets.xcassets */; };
		63C35FEA29B674FA0012A6D1 /* Preview Assets.xcassets in Resources */ = {isa = PBXBuildFile; fileRef = 63C35FE929B674FA0012A6D1 /* Preview Assets.xcassets */; };
		63C35FF129B677E50012A6D1 /* Framework.swift in Sources */ = {isa = PBXBuildFile; fileRef = 63C35FF029B677E50012A6D1 /* Framework.swift */; };
		63C35FF329B67CBC0012A6D1 /* FrameworkDetailView.swift in Sources */ = {isa = PBXBuildFile; fileRef = 63C35FF229B67CBC0012A6D1 /* FrameworkDetailView.swift */; };
		63C35FF529B682130012A6D1 /* AFButton.swift in Sources */ = {isa = PBXBuildFile; fileRef = 63C35FF429B682130012A6D1 /* AFButton.swift */; };
		63C35FF729B684C80012A6D1 /* FrameworkGridViewModel.swift in Sources */ = {isa = PBXBuildFile; fileRef = 63C35FF629B684C80012A6D1 /* FrameworkGridViewModel.swift */; };
		63C35FF929B69D530012A6D1 /* SafariView.swift in Sources */ = {isa = PBXBuildFile; fileRef = 63C35FF829B69D530012A6D1 /* SafariView.swift */; };
		63C35FFB29B6A1020012A6D1 /* FrameworkTitleView.swift in Sources */ = {isa = PBXBuildFile; fileRef = 63C35FFA29B6A1020012A6D1 /* FrameworkTitleView.swift */; };
		63C35FFD29B6A1AA0012A6D1 /* XDismissButton.swift in Sources */ = {isa = PBXBuildFile; fileRef = 63C35FFC29B6A1AA0012A6D1 /* XDismissButton.swift */; };
/* End PBXBuildFile section */

/* Begin PBXFileReference section */
		63C35FDF29B674F90012A6D1 /* Apple-Frameworks.app */ = {isa = PBXFileReference; explicitFileType = wrapper.application; includeInIndex = 0; path = "Apple-Frameworks.app"; sourceTree = BUILT_PRODUCTS_DIR; };
		63C35FE229B674F90012A6D1 /* Apple_FrameworksApp.swift */ = {isa = PBXFileReference; lastKnownFileType = sourcecode.swift; path = Apple_FrameworksApp.swift; sourceTree = "<group>"; };
		63C35FE429B674F90012A6D1 /* FrameworkGridView.swift */ = {isa = PBXFileReference; lastKnownFileType = sourcecode.swift; path = FrameworkGridView.swift; sourceTree = "<group>"; };
		63C35FE629B674FA0012A6D1 /* Assets.xcassets */ = {isa = PBXFileReference; lastKnownFileType = folder.assetcatalog; path = Assets.xcassets; sourceTree = "<group>"; };
		63C35FE929B674FA0012A6D1 /* Preview Assets.xcassets */ = {isa = PBXFileReference; lastKnownFileType = folder.assetcatalog; path = "Preview Assets.xcassets"; sourceTree = "<group>"; };
		63C35FF029B677E50012A6D1 /* Framework.swift */ = {isa = PBXFileReference; lastKnownFileType = sourcecode.swift; path = Framework.swift; sourceTree = "<group>"; };
		63C35FF229B67CBC0012A6D1 /* FrameworkDetailView.swift */ = {isa = PBXFileReference; lastKnownFileType = sourcecode.swift; path = FrameworkDetailView.swift; sourceTree = "<group>"; };
		63C35FF429B682130012A6D1 /* AFButton.swift */ = {isa = PBXFileReference; lastKnownFileType = sourcecode.swift; path = AFButton.swift; sourceTree = "<group>"; };
		63C35FF629B684C80012A6D1 /* FrameworkGridViewModel.swift */ = {isa = PBXFileReference; lastKnownFileType = sourcecode.swift; path = FrameworkGridViewModel.swift; sourceTree = "<group>"; };
		63C35FF829B69D530012A6D1 /* SafariView.swift */ = {isa = PBXFileReference; lastKnownFileType = sourcecode.swift; path = SafariView.swift; sourceTree = "<group>"; };
		63C35FFA29B6A1020012A6D1 /* FrameworkTitleView.swift */ = {isa = PBXFileReference; lastKnownFileType = sourcecode.swift; path = FrameworkTitleView.swift; sourceTree = "<group>"; };
		63C35FFC29B6A1AA0012A6D1 /* XDismissButton.swift */ = {isa = PBXFileReference; lastKnownFileType = sourcecode.swift; path = XDismissButton.swift; sourceTree = "<group>"; };
/* End PBXFileReference section */

/* Begin PBXFrameworksBuildPhase section */
		63C35FDC29B674F90012A6D1 /* Frameworks */ = {
			isa = PBXFrameworksBuildPhase;
			buildActionMask = 2147483647;
			files = (
			);
			runOnlyForDeploymentPostprocessing = 0;
		};
/* End PBXFrameworksBuildPhase section */

/* Begin PBXGroup section */
		63C35FD629B674F90012A6D1 = {
			isa = PBXGroup;
			children = (
				63C35FE129B674F90012A6D1 /* Apple-Frameworks */,
				63C35FE029B674F90012A6D1 /* Products */,
			);
			sourceTree = "<group>";
		};
		63C35FE029B674F90012A6D1 /* Products */ = {
			isa = PBXGroup;
			children = (
				63C35FDF29B674F90012A6D1 /* Apple-Frameworks.app */,
			);
			name = Products;
			sourceTree = "<group>";
		};
		63C35FE129B674F90012A6D1 /* Apple-Frameworks */ = {
			isa = PBXGroup;
			children = (
				63C3600529B6A3330012A6D1 /* UIKit Components */,
				63C3600229B6A3000012A6D1 /* Views */,
				63C3600129B6A2EE0012A6D1 /* Model */,
				63C35FFE29B6A2980012A6D1 /* Screens */,
				63C35FE229B674F90012A6D1 /* Apple_FrameworksApp.swift */,
				63C35FE629B674FA0012A6D1 /* Assets.xcassets */,
				63C35FE829B674FA0012A6D1 /* Preview Content */,
			);
			path = "Apple-Frameworks";
			sourceTree = "<group>";
		};
		63C35FE829B674FA0012A6D1 /* Preview Content */ = {
			isa = PBXGroup;
			children = (
				63C35FE929B674FA0012A6D1 /* Preview Assets.xcassets */,
			);
			path = "Preview Content";
			sourceTree = "<group>";
		};
		63C35FFE29B6A2980012A6D1 /* Screens */ = {
			isa = PBXGroup;
			children = (
				63C35FFF29B6A2C00012A6D1 /* FrameworkGridView */,
				63C3600029B6A2D80012A6D1 /* FrameworkDetailView */,
			);
			path = Screens;
			sourceTree = "<group>";
		};
		63C35FFF29B6A2C00012A6D1 /* FrameworkGridView */ = {
			isa = PBXGroup;
			children = (
				63C35FE429B674F90012A6D1 /* FrameworkGridView.swift */,
				63C35FF629B684C80012A6D1 /* FrameworkGridViewModel.swift */,
			);
			path = FrameworkGridView;
			sourceTree = "<group>";
		};
		63C3600029B6A2D80012A6D1 /* FrameworkDetailView */ = {
			isa = PBXGroup;
			children = (
				63C35FF229B67CBC0012A6D1 /* FrameworkDetailView.swift */,
			);
			path = FrameworkDetailView;
			sourceTree = "<group>";
		};
		63C3600129B6A2EE0012A6D1 /* Model */ = {
			isa = PBXGroup;
			children = (
				63C35FF029B677E50012A6D1 /* Framework.swift */,
			);
			path = Model;
			sourceTree = "<group>";
		};
		63C3600229B6A3000012A6D1 /* Views */ = {
			isa = PBXGroup;
			children = (
				63C3600429B6A3260012A6D1 /* Views */,
				63C3600329B6A30F0012A6D1 /* Buttons */,
			);
			path = Views;
			sourceTree = "<group>";
		};
		63C3600329B6A30F0012A6D1 /* Buttons */ = {
			isa = PBXGroup;
			children = (
				63C35FF429B682130012A6D1 /* AFButton.swift */,
				63C35FFC29B6A1AA0012A6D1 /* XDismissButton.swift */,
			);
			path = Buttons;
			sourceTree = "<group>";
		};
		63C3600429B6A3260012A6D1 /* Views */ = {
			isa = PBXGroup;
			children = (
				63C35FFA29B6A1020012A6D1 /* FrameworkTitleView.swift */,
			);
			path = Views;
			sourceTree = "<group>";
		};
		63C3600529B6A3330012A6D1 /* UIKit Components */ = {
			isa = PBXGroup;
			children = (
				63C35FF829B69D530012A6D1 /* SafariView.swift */,
			);
			path = "UIKit Components";
			sourceTree = "<group>";
		};
/* End PBXGroup section */

/* Begin PBXNativeTarget section */
		63C35FDE29B674F90012A6D1 /* Apple-Frameworks */ = {
			isa = PBXNativeTarget;
			buildConfigurationList = 63C35FED29B674FA0012A6D1 /* Build configuration list for PBXNativeTarget "Apple-Frameworks" */;
			buildPhases = (
				63C35FDB29B674F90012A6D1 /* Sources */,
				63C35FDC29B674F90012A6D1 /* Frameworks */,
				63C35FDD29B674F90012A6D1 /* Resources */,
			);
			buildRules = (
			);
			dependencies = (
			);
			name = "Apple-Frameworks";
			productName = "Apple-Frameworks";
			productReference = 63C35FDF29B674F90012A6D1 /* Apple-Frameworks.app */;
			productType = "com.apple.product-type.application";
		};
/* End PBXNativeTarget section */

/* Begin PBXProject section */
		63C35FD729B674F90012A6D1 /* Project object */ = {
			isa = PBXProject;
			attributes = {
				BuildIndependentTargetsInParallel = 1;
				LastSwiftUpdateCheck = 1420;
				LastUpgradeCheck = 1420;
				TargetAttributes = {
					63C35FDE29B674F90012A6D1 = {
						CreatedOnToolsVersion = 14.2;
					};
				};
			};
			buildConfigurationList = 63C35FDA29B674F90012A6D1 /* Build configuration list for PBXProject "Apple-Frameworks" */;
			compatibilityVersion = "Xcode 14.0";
			developmentRegion = en;
			hasScannedForEncodings = 0;
			knownRegions = (
				en,
				Base,
			);
			mainGroup = 63C35FD629B674F90012A6D1;
			productRefGroup = 63C35FE029B674F90012A6D1 /* Products */;
			projectDirPath = "";
			projectRoot = "";
			targets = (
				63C35FDE29B674F90012A6D1 /* Apple-Frameworks */,
			);
		};
/* End PBXProject section */

/* Begin PBXResourcesBuildPhase section */
		63C35FDD29B674F90012A6D1 /* Resources */ = {
			isa = PBXResourcesBuildPhase;
			buildActionMask = 2147483647;
			files = (
				63C35FEA29B674FA0012A6D1 /* Preview Assets.xcassets in Resources */,
				63C35FE729B674FA0012A6D1 /* Assets.xcassets in Resources */,
			);
			runOnlyForDeploymentPostprocessing = 0;
		};
/* End PBXResourcesBuildPhase section */

/* Begin PBXSourcesBuildPhase section */
		63C35FDB29B674F90012A6D1 /* Sources */ = {
			isa = PBXSourcesBuildPhase;
			buildActionMask = 2147483647;
			files = (
				63C35FF329B67CBC0012A6D1 /* FrameworkDetailView.swift in Sources */,
				63C35FE529B674F90012A6D1 /* FrameworkGridView.swift in Sources */,
				63C35FFD29B6A1AA0012A6D1 /* XDismissButton.swift in Sources */,
				63C35FF129B677E50012A6D1 /* Framework.swift in Sources */,
				63C35FF529B682130012A6D1 /* AFButton.swift in Sources */,
				63C35FE329B674F90012A6D1 /* Apple_FrameworksApp.swift in Sources */,
				63C35FF729B684C80012A6D1 /* FrameworkGridViewModel.swift in Sources */,
				63C35FFB29B6A1020012A6D1 /* FrameworkTitleView.swift in Sources */,
				63C35FF929B69D530012A6D1 /* SafariView.swift in Sources */,
			);
			runOnlyForDeploymentPostprocessing = 0;
		};
/* End PBXSourcesBuildPhase section */

/* Begin XCBuildConfiguration section */
		63C35FEB29B674FA0012A6D1 /* Debug */ = {
			isa = XCBuildConfiguration;
			buildSettings = {
				ALWAYS_SEARCH_USER_PATHS = NO;
				CLANG_ANALYZER_NONNULL = YES;
				CLANG_ANALYZER_NUMBER_OBJECT_CONVERSION = YES_AGGRESSIVE;
				CLANG_CXX_LANGUAGE_STANDARD = "gnu++20";
				CLANG_ENABLE_MODULES = YES;
				CLANG_ENABLE_OBJC_ARC = YES;
				CLANG_ENABLE_OBJC_WEAK = YES;
				CLANG_WARN_BLOCK_CAPTURE_AUTORELEASING = YES;
				CLANG_WARN_BOOL_CONVERSION = YES;
				CLANG_WARN_COMMA = YES;
				CLANG_WARN_CONSTANT_CONVERSION = YES;
				CLANG_WARN_DEPRECATED_OBJC_IMPLEMENTATIONS = YES;
				CLANG_WARN_DIRECT_OBJC_ISA_USAGE = YES_ERROR;
				CLANG_WARN_DOCUMENTATION_COMMENTS = YES;
				CLANG_WARN_EMPTY_BODY = YES;
				CLANG_WARN_ENUM_CONVERSION = YES;
				CLANG_WARN_INFINITE_RECURSION = YES;
				CLANG_WARN_INT_CONVERSION = YES;
				CLANG_WARN_NON_LITERAL_NULL_CONVERSION = YES;
				CLANG_WARN_OBJC_IMPLICIT_RETAIN_SELF = YES;
				CLANG_WARN_OBJC_LITERAL_CONVERSION = YES;
				CLANG_WARN_OBJC_ROOT_CLASS = YES_ERROR;
				CLANG_WARN_QUOTED_INCLUDE_IN_FRAMEWORK_HEADER = YES;
				CLANG_WARN_RANGE_LOOP_ANALYSIS = YES;
				CLANG_WARN_STRICT_PROTOTYPES = YES;
				CLANG_WARN_SUSPICIOUS_MOVE = YES;
				CLANG_WARN_UNGUARDED_AVAILABILITY = YES_AGGRESSIVE;
				CLANG_WARN_UNREACHABLE_CODE = YES;
				CLANG_WARN__DUPLICATE_METHOD_MATCH = YES;
				COPY_PHASE_STRIP = NO;
				DEBUG_INFORMATION_FORMAT = dwarf;
				ENABLE_STRICT_OBJC_MSGSEND = YES;
				ENABLE_TESTABILITY = YES;
				GCC_C_LANGUAGE_STANDARD = gnu11;
				GCC_DYNAMIC_NO_PIC = NO;
				GCC_NO_COMMON_BLOCKS = YES;
				GCC_OPTIMIZATION_LEVEL = 0;
				GCC_PREPROCESSOR_DEFINITIONS = (
					"DEBUG=1",
					"$(inherited)",
				);
				GCC_WARN_64_TO_32_BIT_CONVERSION = YES;
				GCC_WARN_ABOUT_RETURN_TYPE = YES_ERROR;
				GCC_WARN_UNDECLARED_SELECTOR = YES;
				GCC_WARN_UNINITIALIZED_AUTOS = YES_AGGRESSIVE;
				GCC_WARN_UNUSED_FUNCTION = YES;
				GCC_WARN_UNUSED_VARIABLE = YES;
				IPHONEOS_DEPLOYMENT_TARGET = 16.2;
				MTL_ENABLE_DEBUG_INFO = INCLUDE_SOURCE;
				MTL_FAST_MATH = YES;
				ONLY_ACTIVE_ARCH = YES;
				SDKROOT = iphoneos;
				SWIFT_ACTIVE_COMPILATION_CONDITIONS = DEBUG;
				SWIFT_OPTIMIZATION_LEVEL = "-Onone";
			};
			name = Debug;
		};
		63C35FEC29B674FA0012A6D1 /* Release */ = {
			isa = XCBuildConfiguration;
			buildSettings = {
				ALWAYS_SEARCH_USER_PATHS = NO;
				CLANG_ANALYZER_NONNULL = YES;
				CLANG_ANALYZER_NUMBER_OBJECT_CONVERSION = YES_AGGRESSIVE;
				CLANG_CXX_LANGUAGE_STANDARD = "gnu++20";
				CLANG_ENABLE_MODULES = YES;
				CLANG_ENABLE_OBJC_ARC = YES;
				CLANG_ENABLE_OBJC_WEAK = YES;
				CLANG_WARN_BLOCK_CAPTURE_AUTORELEASING = YES;
				CLANG_WARN_BOOL_CONVERSION = YES;
				CLANG_WARN_COMMA = YES;
				CLANG_WARN_CONSTANT_CONVERSION = YES;
				CLANG_WARN_DEPRECATED_OBJC_IMPLEMENTATIONS = YES;
				CLANG_WARN_DIRECT_OBJC_ISA_USAGE = YES_ERROR;
				CLANG_WARN_DOCUMENTATION_COMMENTS = YES;
				CLANG_WARN_EMPTY_BODY = YES;
				CLANG_WARN_ENUM_CONVERSION = YES;
				CLANG_WARN_INFINITE_RECURSION = YES;
				CLANG_WARN_INT_CONVERSION = YES;
				CLANG_WARN_NON_LITERAL_NULL_CONVERSION = YES;
				CLANG_WARN_OBJC_IMPLICIT_RETAIN_SELF = YES;
				CLANG_WARN_OBJC_LITERAL_CONVERSION = YES;
				CLANG_WARN_OBJC_ROOT_CLASS = YES_ERROR;
				CLANG_WARN_QUOTED_INCLUDE_IN_FRAMEWORK_HEADER = YES;
				CLANG_WARN_RANGE_LOOP_ANALYSIS = YES;
				CLANG_WARN_STRICT_PROTOTYPES = YES;
				CLANG_WARN_SUSPICIOUS_MOVE = YES;
				CLANG_WARN_UNGUARDED_AVAILABILITY = YES_AGGRESSIVE;
				CLANG_WARN_UNREACHABLE_CODE = YES;
				CLANG_WARN__DUPLICATE_METHOD_MATCH = YES;
				COPY_PHASE_STRIP = NO;
				DEBUG_INFORMATION_FORMAT = "dwarf-with-dsym";
				ENABLE_NS_ASSERTIONS = NO;
				ENABLE_STRICT_OBJC_MSGSEND = YES;
				GCC_C_LANGUAGE_STANDARD = gnu11;
				GCC_NO_COMMON_BLOCKS = YES;
				GCC_WARN_64_TO_32_BIT_CONVERSION = YES;
				GCC_WARN_ABOUT_RETURN_TYPE = YES_ERROR;
				GCC_WARN_UNDECLARED_SELECTOR = YES;
				GCC_WARN_UNINITIALIZED_AUTOS = YES_AGGRESSIVE;
				GCC_WARN_UNUSED_FUNCTION = YES;
				GCC_WARN_UNUSED_VARIABLE = YES;
				IPHONEOS_DEPLOYMENT_TARGET = 16.2;
				MTL_ENABLE_DEBUG_INFO = NO;
				MTL_FAST_MATH = YES;
				SDKROOT = iphoneos;
				SWIFT_COMPILATION_MODE = wholemodule;
				SWIFT_OPTIMIZATION_LEVEL = "-O";
				VALIDATE_PRODUCT = YES;
			};
			name = Release;
		};
		63C35FEE29B674FA0012A6D1 /* Debug */ = {
			isa = XCBuildConfiguration;
			buildSettings = {
				ASSETCATALOG_COMPILER_APPICON_NAME = AppIcon;
				ASSETCATALOG_COMPILER_GLOBAL_ACCENT_COLOR_NAME = AccentColor;
				CODE_SIGN_STYLE = Automatic;
				CURRENT_PROJECT_VERSION = 1;
				DEVELOPMENT_ASSET_PATHS = "\"Apple-Frameworks/Preview Content\"";
				DEVELOPMENT_TEAM = 85FA922KX7;
				ENABLE_PREVIEWS = YES;
				GENERATE_INFOPLIST_FILE = YES;
				INFOPLIST_KEY_UIApplicationSceneManifest_Generation = YES;
				INFOPLIST_KEY_UIApplicationSupportsIndirectInputEvents = YES;
				INFOPLIST_KEY_UILaunchScreen_Generation = YES;
				INFOPLIST_KEY_UISupportedInterfaceOrientations_iPad = "UIInterfaceOrientationPortrait UIInterfaceOrientationPortraitUpsideDown UIInterfaceOrientationLandscapeLeft UIInterfaceOrientationLandscapeRight";
				INFOPLIST_KEY_UISupportedInterfaceOrientations_iPhone = "UIInterfaceOrientationPortrait UIInterfaceOrientationLandscapeLeft UIInterfaceOrientationLandscapeRight";
				LD_RUNPATH_SEARCH_PATHS = (
					"$(inherited)",
					"@executable_path/Frameworks",
				);
				MARKETING_VERSION = 1.0;
				PRODUCT_BUNDLE_IDENTIFIER = "com.zachtpeterson.Apple-Frameworks";
				PRODUCT_NAME = "$(TARGET_NAME)";
				SWIFT_EMIT_LOC_STRINGS = YES;
				SWIFT_VERSION = 5.0;
				TARGETED_DEVICE_FAMILY = "1,2";
			};
			name = Debug;
		};
		63C35FEF29B674FA0012A6D1 /* Release */ = {
			isa = XCBuildConfiguration;
			buildSettings = {
				ASSETCATALOG_COMPILER_APPICON_NAME = AppIcon;
				ASSETCATALOG_COMPILER_GLOBAL_ACCENT_COLOR_NAME = AccentColor;
				CODE_SIGN_STYLE = Automatic;
				CURRENT_PROJECT_VERSION = 1;
				DEVELOPMENT_ASSET_PATHS = "\"Apple-Frameworks/Preview Content\"";
				DEVELOPMENT_TEAM = 85FA922KX7;
				ENABLE_PREVIEWS = YES;
				GENERATE_INFOPLIST_FILE = YES;
				INFOPLIST_KEY_UIApplicationSceneManifest_Generation = YES;
				INFOPLIST_KEY_UIApplicationSupportsIndirectInputEvents = YES;
				INFOPLIST_KEY_UILaunchScreen_Generation = YES;
				INFOPLIST_KEY_UISupportedInterfaceOrientations_iPad = "UIInterfaceOrientationPortrait UIInterfaceOrientationPortraitUpsideDown UIInterfaceOrientationLandscapeLeft UIInterfaceOrientationLandscapeRight";
				INFOPLIST_KEY_UISupportedInterfaceOrientations_iPhone = "UIInterfaceOrientationPortrait UIInterfaceOrientationLandscapeLeft UIInterfaceOrientationLandscapeRight";
				LD_RUNPATH_SEARCH_PATHS = (
					"$(inherited)",
					"@executable_path/Frameworks",
				);
				MARKETING_VERSION = 1.0;
				PRODUCT_BUNDLE_IDENTIFIER = "com.zachtpeterson.Apple-Frameworks";
				PRODUCT_NAME = "$(TARGET_NAME)";
				SWIFT_EMIT_LOC_STRINGS = YES;
				SWIFT_VERSION = 5.0;
				TARGETED_DEVICE_FAMILY = "1,2";
			};
			name = Release;
		};
/* End XCBuildConfiguration section */

/* Begin XCConfigurationList section */
		63C35FDA29B674F90012A6D1 /* Build configuration list for PBXProject "Apple-Frameworks" */ = {
			isa = XCConfigurationList;
			buildConfigurations = (
				63C35FEB29B674FA0012A6D1 /* Debug */,
				63C35FEC29B674FA0012A6D1 /* Release */,
			);
			defaultConfigurationIsVisible = 0;
			defaultConfigurationName = Release;
		};
		63C35FED29B674FA0012A6D1 /* Build configuration list for PBXNativeTarget "Apple-Frameworks" */ = {
			isa = XCConfigurationList;
			buildConfigurations = (
				63C35FEE29B674FA0012A6D1 /* Debug */,
				63C35FEF29B674FA0012A6D1 /* Release */,
			);
			defaultConfigurationIsVisible = 0;
			defaultConfigurationName = Release;
		};
/* End XCConfigurationList section */
	};
	rootObject = 63C35FD729B674F90012A6D1 /* Project object */;
}
